
Microsoft Visual Studio Solution File, Format Version 12.00
# Visual Studio Version 17
VisualStudioVersion = 17.8.34511.84
MinimumVisualStudioVersion = 10.0.40219.1
Project("{FAE04EC0-301F-11D3-BF4B-00C04F79EFBC}") = "API", "API\API.csproj", "{D6258AE3-5DD0-4E66-9D0E-480098365B65}"
EndProject
Project("{FAE04EC0-301F-11D3-BF4B-00C04F79EFBC}") = "DataAccess", "DataAccess\DataAccess.csproj", "{987BEA42-2C2F-4B60-AE4C-02E6A8F115C2}"
EndProject
Project("{FAE04EC0-301F-11D3-BF4B-00C04F79EFBC}") = "Repository", "Repository\Repository.csproj", "{51189D84-39F4-4228-9656-061697CEE1CC}"
EndProject
Project("{FAE04EC0-301F-11D3-BF4B-00C04F79EFBC}") = "Model", "Model\Model.csproj", "{722A9A5E-DE84-4259-92F3-5332FB09B524}"
EndProject
Global
	GlobalSection(SolutionConfigurationPlatforms) = preSolution
		Debug|Any CPU = Debug|Any CPU
		Release|Any CPU = Release|Any CPU
	EndGlobalSection
	GlobalSection(ProjectConfigurationPlatforms) = postSolution
		{D6258AE3-5DD0-4E66-9D0E-480098365B65}.Debug|Any CPU.ActiveCfg = Debug|Any CPU
		{D6258AE3-5DD0-4E66-9D0E-480098365B65}.Debug|Any CPU.Build.0 = Debug|Any CPU
		{D6258AE3-5DD0-4E66-9D0E-480098365B65}.Release|Any CPU.ActiveCfg = Release|Any CPU
		{D6258AE3-5DD0-4E66-9D0E-480098365B65}.Release|Any CPU.Build.0 = Release|Any CPU
		{987BEA42-2C2F-4B60-AE4C-02E6A8F115C2}.Debug|Any CPU.ActiveCfg = Debug|Any CPU
		{987BEA42-2C2F-4B60-AE4C-02E6A8F115C2}.Debug|Any CPU.Build.0 = Debug|Any CPU
		{987BEA42-2C2F-4B60-AE4C-02E6A8F115C2}.Release|Any CPU.ActiveCfg = Release|Any CPU
		{987BEA42-2C2F-4B60-AE4C-02E6A8F115C2}.Release|Any CPU.Build.0 = Release|Any CPU
		{51189D84-39F4-4228-9656-061697CEE1CC}.Debug|Any CPU.ActiveCfg = Debug|Any CPU
		{51189D84-39F4-4228-9656-061697CEE1CC}.Debug|Any CPU.Build.0 = Debug|Any CPU
		{51189D84-39F4-4228-9656-061697CEE1CC}.Release|Any CPU.ActiveCfg = Release|Any CPU
		{51189D84-39F4-4228-9656-061697CEE1CC}.Release|Any CPU.Build.0 = Release|Any CPU
		{722A9A5E-DE84-4259-92F3-5332FB09B524}.Debug|Any CPU.ActiveCfg = Debug|Any CPU
		{722A9A5E-DE84-4259-92F3-5332FB09B524}.Debug|Any CPU.Build.0 = Debug|Any CPU
		{722A9A5E-DE84-4259-92F3-5332FB09B524}.Release|Any CPU.ActiveCfg = Release|Any CPU
		{722A9A5E-DE84-4259-92F3-5332FB09B524}.Release|Any CPU.Build.0 = Release|Any CPU
	EndGlobalSection
	GlobalSection(SolutionProperties) = preSolution
		HideSolutionNode = FALSE
	EndGlobalSection
	GlobalSection(ExtensibilityGlobals) = postSolution
		SolutionGuid = {EFE2A6B5-E298-4CB2-B0C6-B426B1AD46D7}
	EndGlobalSection
EndGlobal
